
Microsoft Visual Studio Solution File, Format Version 12.00
# Visual Studio 15
VisualStudioVersion = 15.0.27004.2002
MinimumVisualStudioVersion = 10.0.40219.1
Project("{FAE04EC0-301F-11D3-BF4B-00C04F79EFBC}") = "DsiplayCellDemo", "DsiplayCellDemo\DsiplayCellDemo.csproj", "{6AC0F507-84CA-4CEF-8CE8-90696DACD057}"
EndProject
Project("{FAE04EC0-301F-11D3-BF4B-00C04F79EFBC}") = "DanteLib", "..\..\..\..\Control\DanteLib\source\DanteLib\DanteLib.csproj", "{ACFE4C13-E150-4A95-911D-FA184FB9BBB2}"
EndProject
Global
	GlobalSection(SolutionConfigurationPlatforms) = preSolution
		Debug|Any CPU = Debug|Any CPU
		Release|Any CPU = Release|Any CPU
	EndGlobalSection
	GlobalSection(ProjectConfigurationPlatforms) = postSolution
		{6AC0F507-84CA-4CEF-8CE8-90696DACD057}.Debug|Any CPU.ActiveCfg = Debug|Any CPU
		{6AC0F507-84CA-4CEF-8CE8-90696DACD057}.Debug|Any CPU.Build.0 = Debug|Any CPU
		{6AC0F507-84CA-4CEF-8CE8-90696DACD057}.Release|Any CPU.ActiveCfg = Release|Any CPU
		{6AC0F507-84CA-4CEF-8CE8-90696DACD057}.Release|Any CPU.Build.0 = Release|Any CPU
		{ACFE4C13-E150-4A95-911D-FA184FB9BBB2}.Debug|Any CPU.ActiveCfg = Debug|Any CPU
		{ACFE4C13-E150-4A95-911D-FA184FB9BBB2}.Debug|Any CPU.Build.0 = Debug|Any CPU
		{ACFE4C13-E150-4A95-911D-FA184FB9BBB2}.Release|Any CPU.ActiveCfg = Release|Any CPU
		{ACFE4C13-E150-4A95-911D-FA184FB9BBB2}.Release|Any CPU.Build.0 = Release|Any CPU
	EndGlobalSection
	GlobalSection(SolutionProperties) = preSolution
		HideSolutionNode = FALSE
	EndGlobalSection
	GlobalSection(ExtensibilityGlobals) = postSolution
		SolutionGuid = {5A30FEA4-350A-43E9-8D11-D8A6ACD27A07}
	EndGlobalSection
EndGlobal
